// !$*UTF8*$!
{
	archiveVersion = 1;
	classes = {
	};
	objectVersion = 50;
	objects = {

/* Begin PBXBuildFile section */
		3290527A241282260061FAC5 /* AppDelegate.swift in Sources */ = {isa = PBXBuildFile; fileRef = 32905279241282260061FAC5 /* AppDelegate.swift */; };
		3290527C241282260061FAC5 /* SceneDelegate.swift in Sources */ = {isa = PBXBuildFile; fileRef = 3290527B241282260061FAC5 /* SceneDelegate.swift */; };
		32905281241282260061FAC5 /* Main.storyboard in Resources */ = {isa = PBXBuildFile; fileRef = 3290527F241282260061FAC5 /* Main.storyboard */; };
		32905283241282290061FAC5 /* Assets.xcassets in Resources */ = {isa = PBXBuildFile; fileRef = 32905282241282290061FAC5 /* Assets.xcassets */; };
		32905286241282290061FAC5 /* LaunchScreen.storyboard in Resources */ = {isa = PBXBuildFile; fileRef = 32905284241282290061FAC5 /* LaunchScreen.storyboard */; };
		329052912412822A0061FAC5 /* TableViewTutorialTests.swift in Sources */ = {isa = PBXBuildFile; fileRef = 329052902412822A0061FAC5 /* TableViewTutorialTests.swift */; };
		3290529C2412F6810061FAC5 /* MarvelCharacterTableViewController.swift in Sources */ = {isa = PBXBuildFile; fileRef = 3290529B2412F6810061FAC5 /* MarvelCharacterTableViewController.swift */; };
		3290529E24131E800061FAC5 /* DetailCharacterViewController.swift in Sources */ = {isa = PBXBuildFile; fileRef = 3290529D24131E800061FAC5 /* DetailCharacterViewController.swift */; };
/* End PBXBuildFile section */

/* Begin PBXContainerItemProxy section */
		3290528D2412822A0061FAC5 /* PBXContainerItemProxy */ = {
			isa = PBXContainerItemProxy;
			containerPortal = 3290526E241282250061FAC5 /* Project object */;
			proxyType = 1;
			remoteGlobalIDString = 32905275241282260061FAC5;
			remoteInfo = TableViewTutorial;
		};
/* End PBXContainerItemProxy section */

/* Begin PBXFileReference section */
		32905276241282260061FAC5 /* TableViewTutorial.app */ = {isa = PBXFileReference; explicitFileType = wrapper.application; includeInIndex = 0; path = TableViewTutorial.app; sourceTree = BUILT_PRODUCTS_DIR; };
		32905279241282260061FAC5 /* AppDelegate.swift */ = {isa = PBXFileReference; lastKnownFileType = sourcecode.swift; path = AppDelegate.swift; sourceTree = "<group>"; };
		3290527B241282260061FAC5 /* SceneDelegate.swift */ = {isa = PBXFileReference; lastKnownFileType = sourcecode.swift; path = SceneDelegate.swift; sourceTree = "<group>"; };
		32905280241282260061FAC5 /* Base */ = {isa = PBXFileReference; lastKnownFileType = file.storyboard; name = Base; path = Base.lproj/Main.storyboard; sourceTree = "<group>"; };
		32905282241282290061FAC5 /* Assets.xcassets */ = {isa = PBXFileReference; lastKnownFileType = folder.assetcatalog; path = Assets.xcassets; sourceTree = "<group>"; };
		32905285241282290061FAC5 /* Base */ = {isa = PBXFileReference; lastKnownFileType = file.storyboard; name = Base; path = Base.lproj/LaunchScreen.storyboard; sourceTree = "<group>"; };
		32905287241282290061FAC5 /* Info.plist */ = {isa = PBXFileReference; lastKnownFileType = text.plist.xml; path = Info.plist; sourceTree = "<group>"; };
		3290528C2412822A0061FAC5 /* TableViewTutorialTests.xctest */ = {isa = PBXFileReference; explicitFileType = wrapper.cfbundle; includeInIndex = 0; path = TableViewTutorialTests.xctest; sourceTree = BUILT_PRODUCTS_DIR; };
		329052902412822A0061FAC5 /* TableViewTutorialTests.swift */ = {isa = PBXFileReference; lastKnownFileType = sourcecode.swift; path = TableViewTutorialTests.swift; sourceTree = "<group>"; };
		329052922412822A0061FAC5 /* Info.plist */ = {isa = PBXFileReference; lastKnownFileType = text.plist.xml; path = Info.plist; sourceTree = "<group>"; };
		3290529B2412F6810061FAC5 /* MarvelCharacterTableViewController.swift */ = {isa = PBXFileReference; lastKnownFileType = sourcecode.swift; path = MarvelCharacterTableViewController.swift; sourceTree = "<group>"; };
		3290529D24131E800061FAC5 /* DetailCharacterViewController.swift */ = {isa = PBXFileReference; lastKnownFileType = sourcecode.swift; path = DetailCharacterViewController.swift; sourceTree = "<group>"; };
/* End PBXFileReference section */

/* Begin PBXFrameworksBuildPhase section */
		32905273241282260061FAC5 /* Frameworks */ = {
			isa = PBXFrameworksBuildPhase;
			buildActionMask = 2147483647;
			files = (
			);
			runOnlyForDeploymentPostprocessing = 0;
		};
		329052892412822A0061FAC5 /* Frameworks */ = {
			isa = PBXFrameworksBuildPhase;
			buildActionMask = 2147483647;
			files = (
			);
			runOnlyForDeploymentPostprocessing = 0;
		};
/* End PBXFrameworksBuildPhase section */

/* Begin PBXGroup section */
		3290526D241282250061FAC5 = {
			isa = PBXGroup;
			children = (
				32905278241282260061FAC5 /* TableViewTutorial */,
				3290528F2412822A0061FAC5 /* TableViewTutorialTests */,
				32905277241282260061FAC5 /* Products */,
			);
			sourceTree = "<group>";
		};
		32905277241282260061FAC5 /* Products */ = {
			isa = PBXGroup;
			children = (
				32905276241282260061FAC5 /* TableViewTutorial.app */,
				3290528C2412822A0061FAC5 /* TableViewTutorialTests.xctest */,
			);
			name = Products;
			sourceTree = "<group>";
		};
		32905278241282260061FAC5 /* TableViewTutorial */ = {
			isa = PBXGroup;
			children = (
				32905279241282260061FAC5 /* AppDelegate.swift */,
				3290529B2412F6810061FAC5 /* MarvelCharacterTableViewController.swift */,
				3290527F241282260061FAC5 /* Main.storyboard */,
				3290529D24131E800061FAC5 /* DetailCharacterViewController.swift */,
				3290527B241282260061FAC5 /* SceneDelegate.swift */,
				32905282241282290061FAC5 /* Assets.xcassets */,
				32905284241282290061FAC5 /* LaunchScreen.storyboard */,
				32905287241282290061FAC5 /* Info.plist */,
			);
			path = TableViewTutorial;
			sourceTree = "<group>";
		};
		3290528F2412822A0061FAC5 /* TableViewTutorialTests */ = {
			isa = PBXGroup;
			children = (
				329052902412822A0061FAC5 /* TableViewTutorialTests.swift */,
				329052922412822A0061FAC5 /* Info.plist */,
			);
			path = TableViewTutorialTests;
			sourceTree = "<group>";
		};
/* End PBXGroup section */

/* Begin PBXNativeTarget section */
		32905275241282260061FAC5 /* TableViewTutorial */ = {
			isa = PBXNativeTarget;
			buildConfigurationList = 329052952412822A0061FAC5 /* Build configuration list for PBXNativeTarget "TableViewTutorial" */;
			buildPhases = (
				32905272241282260061FAC5 /* Sources */,
				32905273241282260061FAC5 /* Frameworks */,
				32905274241282260061FAC5 /* Resources */,
			);
			buildRules = (
			);
			dependencies = (
			);
			name = TableViewTutorial;
			productName = TableViewTutorial;
			productReference = 32905276241282260061FAC5 /* TableViewTutorial.app */;
			productType = "com.apple.product-type.application";
		};
		3290528B2412822A0061FAC5 /* TableViewTutorialTests */ = {
			isa = PBXNativeTarget;
			buildConfigurationList = 329052982412822A0061FAC5 /* Build configuration list for PBXNativeTarget "TableViewTutorialTests" */;
			buildPhases = (
				329052882412822A0061FAC5 /* Sources */,
				329052892412822A0061FAC5 /* Frameworks */,
				3290528A2412822A0061FAC5 /* Resources */,
			);
			buildRules = (
			);
			dependencies = (
				3290528E2412822A0061FAC5 /* PBXTargetDependency */,
			);
			name = TableViewTutorialTests;
			productName = TableViewTutorialTests;
			productReference = 3290528C2412822A0061FAC5 /* TableViewTutorialTests.xctest */;
			productType = "com.apple.product-type.bundle.unit-test";
		};
/* End PBXNativeTarget section */

/* Begin PBXProject section */
		3290526E241282250061FAC5 /* Project object */ = {
			isa = PBXProject;
			attributes = {
				LastSwiftUpdateCheck = 1130;
				LastUpgradeCheck = 1130;
				ORGANIZATIONNAME = "RMD Goup";
				TargetAttributes = {
					32905275241282260061FAC5 = {
						CreatedOnToolsVersion = 11.3.1;
					};
					3290528B2412822A0061FAC5 = {
						CreatedOnToolsVersion = 11.3.1;
						TestTargetID = 32905275241282260061FAC5;
					};
				};
			};
			buildConfigurationList = 32905271241282250061FAC5 /* Build configuration list for PBXProject "TableViewTutorial" */;
			compatibilityVersion = "Xcode 9.3";
			developmentRegion = en;
			hasScannedForEncodings = 0;
			knownRegions = (
				en,
				Base,
			);
			mainGroup = 3290526D241282250061FAC5;
			productRefGroup = 32905277241282260061FAC5 /* Products */;
			projectDirPath = "";
			projectRoot = "";
			targets = (
				32905275241282260061FAC5 /* TableViewTutorial */,
				3290528B2412822A0061FAC5 /* TableViewTutorialTests */,
			);
		};
/* End PBXProject section */

/* Begin PBXResourcesBuildPhase section */
		32905274241282260061FAC5 /* Resources */ = {
			isa = PBXResourcesBuildPhase;
			buildActionMask = 2147483647;
			files = (
				32905286241282290061FAC5 /* LaunchScreen.storyboard in Resources */,
				32905283241282290061FAC5 /* Assets.xcassets in Resources */,
				32905281241282260061FAC5 /* Main.storyboard in Resources */,
			);
			runOnlyForDeploymentPostprocessing = 0;
		};
		3290528A2412822A0061FAC5 /* Resources */ = {
			isa = PBXResourcesBuildPhase;
			buildActionMask = 2147483647;
			files = (
			);
			runOnlyForDeploymentPostprocessing = 0;
		};
/* End PBXResourcesBuildPhase section */

/* Begin PBXSourcesBuildPhase section */
		32905272241282260061FAC5 /* Sources */ = {
			isa = PBXSourcesBuildPhase;
			buildActionMask = 2147483647;
			files = (
				3290527A241282260061FAC5 /* AppDelegate.swift in Sources */,
				3290529E24131E800061FAC5 /* DetailCharacterViewController.swift in Sources */,
				3290529C2412F6810061FAC5 /* MarvelCharacterTableViewController.swift in Sources */,
				3290527C241282260061FAC5 /* SceneDelegate.swift in Sources */,
			);
			runOnlyForDeploymentPostprocessing = 0;
		};
		329052882412822A0061FAC5 /* Sources */ = {
			isa = PBXSourcesBuildPhase;
			buildActionMask = 2147483647;
			files = (
				329052912412822A0061FAC5 /* TableViewTutorialTests.swift in Sources */,
			);
			runOnlyForDeploymentPostprocessing = 0;
		};
/* End PBXSourcesBuildPhase section */

/* Begin PBXTargetDependency section */
		3290528E2412822A0061FAC5 /* PBXTargetDependency */ = {
			isa = PBXTargetDependency;
			target = 32905275241282260061FAC5 /* TableViewTutorial */;
			targetProxy = 3290528D2412822A0061FAC5 /* PBXContainerItemProxy */;
		};
/* End PBXTargetDependency section */

/* Begin PBXVariantGroup section */
		3290527F241282260061FAC5 /* Main.storyboard */ = {
			isa = PBXVariantGroup;
			children = (
				32905280241282260061FAC5 /* Base */,
			);
			name = Main.storyboard;
			sourceTree = "<group>";
		};
		32905284241282290061FAC5 /* LaunchScreen.storyboard */ = {
			isa = PBXVariantGroup;
			children = (
				32905285241282290061FAC5 /* Base */,
			);
			name = LaunchScreen.storyboard;
			sourceTree = "<group>";
		};
/* End PBXVariantGroup section */

/* Begin XCBuildConfiguration section */
		329052932412822A0061FAC5 /* Debug */ = {
			isa = XCBuildConfiguration;
			buildSettings = {
				ALWAYS_SEARCH_USER_PATHS = NO;
				CLANG_ANALYZER_NONNULL = YES;
				CLANG_ANALYZER_NUMBER_OBJECT_CONVERSION = YES_AGGRESSIVE;
				CLANG_CXX_LANGUAGE_STANDARD = "gnu++14";
				CLANG_CXX_LIBRARY = "libc++";
				CLANG_ENABLE_MODULES = YES;
				CLANG_ENABLE_OBJC_ARC = YES;
				CLANG_ENABLE_OBJC_WEAK = YES;
				CLANG_WARN_BLOCK_CAPTURE_AUTORELEASING = YES;
				CLANG_WARN_BOOL_CONVERSION = YES;
				CLANG_WARN_COMMA = YES;
				CLANG_WARN_CONSTANT_CONVERSION = YES;
				CLANG_WARN_DEPRECATED_OBJC_IMPLEMENTATIONS = YES;
				CLANG_WARN_DIRECT_OBJC_ISA_USAGE = YES_ERROR;
				CLANG_WARN_DOCUMENTATION_COMMENTS = YES;
				CLANG_WARN_EMPTY_BODY = YES;
				CLANG_WARN_ENUM_CONVERSION = YES;
				CLANG_WARN_INFINITE_RECURSION = YES;
				CLANG_WARN_INT_CONVERSION = YES;
				CLANG_WARN_NON_LITERAL_NULL_CONVERSION = YES;
				CLANG_WARN_OBJC_IMPLICIT_RETAIN_SELF = YES;
				CLANG_WARN_OBJC_LITERAL_CONVERSION = YES;
				CLANG_WARN_OBJC_ROOT_CLASS = YES_ERROR;
				CLANG_WARN_RANGE_LOOP_ANALYSIS = YES;
				CLANG_WARN_STRICT_PROTOTYPES = YES;
				CLANG_WARN_SUSPICIOUS_MOVE = YES;
				CLANG_WARN_UNGUARDED_AVAILABILITY = YES_AGGRESSIVE;
				CLANG_WARN_UNREACHABLE_CODE = YES;
				CLANG_WARN__DUPLICATE_METHOD_MATCH = YES;
				COPY_PHASE_STRIP = NO;
				DEBUG_INFORMATION_FORMAT = dwarf;
				ENABLE_STRICT_OBJC_MSGSEND = YES;
				ENABLE_TESTABILITY = YES;
				GCC_C_LANGUAGE_STANDARD = gnu11;
				GCC_DYNAMIC_NO_PIC = NO;
				GCC_NO_COMMON_BLOCKS = YES;
				GCC_OPTIMIZATION_LEVEL = 0;
				GCC_PREPROCESSOR_DEFINITIONS = (
					"DEBUG=1",
					"$(inherited)",
				);
				GCC_WARN_64_TO_32_BIT_CONVERSION = YES;
				GCC_WARN_ABOUT_RETURN_TYPE = YES_ERROR;
				GCC_WARN_UNDECLARED_SELECTOR = YES;
				GCC_WARN_UNINITIALIZED_AUTOS = YES_AGGRESSIVE;
				GCC_WARN_UNUSED_FUNCTION = YES;
				GCC_WARN_UNUSED_VARIABLE = YES;
				IPHONEOS_DEPLOYMENT_TARGET = 13.2;
				MTL_ENABLE_DEBUG_INFO = INCLUDE_SOURCE;
				MTL_FAST_MATH = YES;
				ONLY_ACTIVE_ARCH = YES;
				SDKROOT = iphoneos;
				SWIFT_ACTIVE_COMPILATION_CONDITIONS = DEBUG;
				SWIFT_OPTIMIZATION_LEVEL = "-Onone";
			};
			name = Debug;
		};
		329052942412822A0061FAC5 /* Release */ = {
			isa = XCBuildConfiguration;
			buildSettings = {
				ALWAYS_SEARCH_USER_PATHS = NO;
				CLANG_ANALYZER_NONNULL = YES;
				CLANG_ANALYZER_NUMBER_OBJECT_CONVERSION = YES_AGGRESSIVE;
				CLANG_CXX_LANGUAGE_STANDARD = "gnu++14";
				CLANG_CXX_LIBRARY = "libc++";
				CLANG_ENABLE_MODULES = YES;
				CLANG_ENABLE_OBJC_ARC = YES;
				CLANG_ENABLE_OBJC_WEAK = YES;
				CLANG_WARN_BLOCK_CAPTURE_AUTORELEASING = YES;
				CLANG_WARN_BOOL_CONVERSION = YES;
				CLANG_WARN_COMMA = YES;
				CLANG_WARN_CONSTANT_CONVERSION = YES;
				CLANG_WARN_DEPRECATED_OBJC_IMPLEMENTATIONS = YES;
				CLANG_WARN_DIRECT_OBJC_ISA_USAGE = YES_ERROR;
				CLANG_WARN_DOCUMENTATION_COMMENTS = YES;
				CLANG_WARN_EMPTY_BODY = YES;
				CLANG_WARN_ENUM_CONVERSION = YES;
				CLANG_WARN_INFINITE_RECURSION = YES;
				CLANG_WARN_INT_CONVERSION = YES;
				CLANG_WARN_NON_LITERAL_NULL_CONVERSION = YES;
				CLANG_WARN_OBJC_IMPLICIT_RETAIN_SELF = YES;
				CLANG_WARN_OBJC_LITERAL_CONVERSION = YES;
				CLANG_WARN_OBJC_ROOT_CLASS = YES_ERROR;
				CLANG_WARN_RANGE_LOOP_ANALYSIS = YES;
				CLANG_WARN_STRICT_PROTOTYPES = YES;
				CLANG_WARN_SUSPICIOUS_MOVE = YES;
				CLANG_WARN_UNGUARDED_AVAILABILITY = YES_AGGRESSIVE;
				CLANG_WARN_UNREACHABLE_CODE = YES;
				CLANG_WARN__DUPLICATE_METHOD_MATCH = YES;
				COPY_PHASE_STRIP = NO;
				DEBUG_INFORMATION_FORMAT = "dwarf-with-dsym";
				ENABLE_NS_ASSERTIONS = NO;
				ENABLE_STRICT_OBJC_MSGSEND = YES;
				GCC_C_LANGUAGE_STANDARD = gnu11;
				GCC_NO_COMMON_BLOCKS = YES;
				GCC_WARN_64_TO_32_BIT_CONVERSION = YES;
				GCC_WARN_ABOUT_RETURN_TYPE = YES_ERROR;
				GCC_WARN_UNDECLARED_SELECTOR = YES;
				GCC_WARN_UNINITIALIZED_AUTOS = YES_AGGRESSIVE;
				GCC_WARN_UNUSED_FUNCTION = YES;
				GCC_WARN_UNUSED_VARIABLE = YES;
				IPHONEOS_DEPLOYMENT_TARGET = 13.2;
				MTL_ENABLE_DEBUG_INFO = NO;
				MTL_FAST_MATH = YES;
				SDKROOT = iphoneos;
				SWIFT_COMPILATION_MODE = wholemodule;
				SWIFT_OPTIMIZATION_LEVEL = "-O";
				VALIDATE_PRODUCT = YES;
			};
			name = Release;
		};
		329052962412822A0061FAC5 /* Debug */ = {
			isa = XCBuildConfiguration;
			buildSettings = {
				ASSETCATALOG_COMPILER_APPICON_NAME = AppIcon;
				CODE_SIGN_STYLE = Automatic;
				DEVELOPMENT_TEAM = XQ28PGR82S;
				INFOPLIST_FILE = TableViewTutorial/Info.plist;
				LD_RUNPATH_SEARCH_PATHS = (
					"$(inherited)",
					"@executable_path/Frameworks",
				);
				PRODUCT_BUNDLE_IDENTIFIER = com.rmdgroup.TableViewTutorial;
				PRODUCT_NAME = "$(TARGET_NAME)";
				SWIFT_VERSION = 5.0;
				TARGETED_DEVICE_FAMILY = "1,2";
			};
			name = Debug;
		};
		329052972412822A0061FAC5 /* Release */ = {
			isa = XCBuildConfiguration;
			buildSettings = {
				ASSETCATALOG_COMPILER_APPICON_NAME = AppIcon;
				CODE_SIGN_STYLE = Automatic;
				DEVELOPMENT_TEAM = XQ28PGR82S;
				INFOPLIST_FILE = TableViewTutorial/Info.plist;
				LD_RUNPATH_SEARCH_PATHS = (
					"$(inherited)",
					"@executable_path/Frameworks",
				);
				PRODUCT_BUNDLE_IDENTIFIER = com.rmdgroup.TableViewTutorial;
				PRODUCT_NAME = "$(TARGET_NAME)";
				SWIFT_VERSION = 5.0;
				TARGETED_DEVICE_FAMILY = "1,2";
			};
			name = Release;
		};
		329052992412822A0061FAC5 /* Debug */ = {
			isa = XCBuildConfiguration;
			buildSettings = {
				ALWAYS_EMBED_SWIFT_STANDARD_LIBRARIES = YES;
				BUNDLE_LOADER = "$(TEST_HOST)";
				CODE_SIGN_STYLE = Automatic;
				DEVELOPMENT_TEAM = XQ28PGR82S;
				INFOPLIST_FILE = TableViewTutorialTests/Info.plist;
				IPHONEOS_DEPLOYMENT_TARGET = 13.2;
				LD_RUNPATH_SEARCH_PATHS = (
					"$(inherited)",
					"@executable_path/Frameworks",
					"@loader_path/Frameworks",
				);
				PRODUCT_BUNDLE_IDENTIFIER = com.rmdgroup.TableViewTutorialTests;
				PRODUCT_NAME = "$(TARGET_NAME)";
				SWIFT_VERSION = 5.0;
				TARGETED_DEVICE_FAMILY = "1,2";
				TEST_HOST = "$(BUILT_PRODUCTS_DIR)/TableViewTutorial.app/TableViewTutorial";
			};
			name = Debug;
		};
		3290529A2412822A0061FAC5 /* Release */ = {
			isa = XCBuildConfiguration;
			buildSettings = {
				ALWAYS_EMBED_SWIFT_STANDARD_LIBRARIES = YES;
				BUNDLE_LOADER = "$(TEST_HOST)";
				CODE_SIGN_STYLE = Automatic;
				DEVELOPMENT_TEAM = XQ28PGR82S;
				INFOPLIST_FILE = TableViewTutorialTests/Info.plist;
				IPHONEOS_DEPLOYMENT_TARGET = 13.2;
				LD_RUNPATH_SEARCH_PATHS = (
					"$(inherited)",
					"@executable_path/Frameworks",
					"@loader_path/Frameworks",
				);
				PRODUCT_BUNDLE_IDENTIFIER = com.rmdgroup.TableViewTutorialTests;
				PRODUCT_NAME = "$(TARGET_NAME)";
				SWIFT_VERSION = 5.0;
				TARGETED_DEVICE_FAMILY = "1,2";
				TEST_HOST = "$(BUILT_PRODUCTS_DIR)/TableViewTutorial.app/TableViewTutorial";
			};
			name = Release;
		};
/* End XCBuildConfiguration section */

/* Begin XCConfigurationList section */
		32905271241282250061FAC5 /* Build configuration list for PBXProject "TableViewTutorial" */ = {
			isa = XCConfigurationList;
			buildConfigurations = (
				329052932412822A0061FAC5 /* Debug */,
				329052942412822A0061FAC5 /* Release */,
			);
			defaultConfigurationIsVisible = 0;
			defaultConfigurationName = Release;
		};
		329052952412822A0061FAC5 /* Build configuration list for PBXNativeTarget "TableViewTutorial" */ = {
			isa = XCConfigurationList;
			buildConfigurations = (
				329052962412822A0061FAC5 /* Debug */,
				329052972412822A0061FAC5 /* Release */,
			);
			defaultConfigurationIsVisible = 0;
			defaultConfigurationName = Release;
		};
		329052982412822A0061FAC5 /* Build configuration list for PBXNativeTarget "TableViewTutorialTests" */ = {
			isa = XCConfigurationList;
			buildConfigurations = (
				329052992412822A0061FAC5 /* Debug */,
				3290529A2412822A0061FAC5 /* Release */,
			);
			defaultConfigurationIsVisible = 0;
			defaultConfigurationName = Release;
		};
/* End XCConfigurationList section */
	};
	rootObject = 3290526E241282250061FAC5 /* Project object */;
}
